
Microsoft Visual Studio Solution File, Format Version 12.00
# Visual Studio Version 16
VisualStudioVersion = 16.0.29613.14
MinimumVisualStudioVersion = 10.0.40219.1
Project("{FAE04EC0-301F-11D3-BF4B-00C04F79EFBC}") = "PP_Parser", "PWRA_Parser\PP_Parser.csproj", "{A4FA12BF-5C56-4217-A801-AD29FB5AB93C}"
EndProject
Project("{FAE04EC0-301F-11D3-BF4B-00C04F79EFBC}") = "PWRA_GUI", "PWRA_GUI\PWRA_GUI.csproj", "{F16C32EA-5146-4E4B-B9BD-A83D1742BA2F}"
EndProject
Global
	GlobalSection(SolutionConfigurationPlatforms) = preSolution
		Debug|Any CPU = Debug|Any CPU
		Release|Any CPU = Release|Any CPU
	EndGlobalSection
	GlobalSection(ProjectConfigurationPlatforms) = postSolution
		{A4FA12BF-5C56-4217-A801-AD29FB5AB93C}.Debug|Any CPU.ActiveCfg = Debug|Any CPU
		{A4FA12BF-5C56-4217-A801-AD29FB5AB93C}.Debug|Any CPU.Build.0 = Debug|Any CPU
		{A4FA12BF-5C56-4217-A801-AD29FB5AB93C}.Release|Any CPU.ActiveCfg = Release|Any CPU
		{A4FA12BF-5C56-4217-A801-AD29FB5AB93C}.Release|Any CPU.Build.0 = Release|Any CPU
		{F16C32EA-5146-4E4B-B9BD-A83D1742BA2F}.Debug|Any CPU.ActiveCfg = Debug|Any CPU
		{F16C32EA-5146-4E4B-B9BD-A83D1742BA2F}.Debug|Any CPU.Build.0 = Debug|Any CPU
		{F16C32EA-5146-4E4B-B9BD-A83D1742BA2F}.Release|Any CPU.ActiveCfg = Release|Any CPU
		{F16C32EA-5146-4E4B-B9BD-A83D1742BA2F}.Release|Any CPU.Build.0 = Release|Any CPU
	EndGlobalSection
	GlobalSection(SolutionProperties) = preSolution
		HideSolutionNode = FALSE
	EndGlobalSection
	GlobalSection(ExtensibilityGlobals) = postSolution
		SolutionGuid = {2216CC3F-FA0C-41E6-B47F-4F246C78F8B6}
	EndGlobalSection
EndGlobal
